# THIS IS AN AUTOGENERATED FILE. DO NOT EDIT THIS FILE DIRECTLY.
# yarn lockfile v1


"@bufbuild/protobuf@^2.0.0", "@bufbuild/protobuf@^2.10.2":
  version "2.12.0"
  resolved "https://registry.yarnpkg.com/@bufbuild/protobuf/-/protobuf-2.12.0.tgz#53225636a8fcebb2bd94998ad9d42f99f96add4d"
  integrity sha512-B/XlCaFIP8LOwzo+bz5uFzATYokcwCKQcghqnlfwSmM5eX/qTkvDBnDPs+gXtX/RyjxJ4DRikECcPJbyALA8FA==

"@nestjs/microservices@^11.1.11":
  version "11.1.19"
  resolved "https://registry.yarnpkg.com/@nestjs/microservices/-/microservices-11.1.19.tgz#0222ca2331a2a702df3b4dd6b7fd2fe7487fb39a"
  integrity sha512-3Oja56ydTlSaui19/i7gYM0MMqz/w4UR2aqZeL4K8B+Fq0Ztg3zHb8et76atToJGpSCevJLEsoEMOMaGgzRwfg==
  dependencies:
    iterare "1.2.1"
    tslib "2.8.1"

"@nodelib/fs.scandir@2.1.5":
  version "2.1.5"
  resolved "https://registry.yarnpkg.com/@nodelib/fs.scandir/-/fs.scandir-2.1.5.tgz#7619c2eb21b25483f6d167548b4cfd5a7488c3d5"
  integrity sha512-vq24Bq3ym5HEQm2NKCr3yXDwjc7vTsEThRDnkp2DK9p1uqLR+DHurm/NOTo0KG7HYHU7eppKZj3MyqYuMBf62g==
  dependencies:
    "@nodelib/fs.stat" "2.0.5"
    run-parallel "^1.1.9"

"@nodelib/fs.stat@2.0.5", "@nodelib/fs.stat@^2.0.2":
  version "2.0.5"
  resolved "https://registry.yarnpkg.com/@nodelib/fs.stat/-/fs.stat-2.0.5.tgz#5bd262af94e9d25bd1e71b05deed44876a222e8b"
  integrity sha512-RkhPPp2zrqDAQA/2jNhnztcPAlv64XdhIp7a7454A5ovI7Bukxgt7MX7udwAu3zg1DcpPU0rz3VV1SeaqvY4+A==

"@nodelib/fs.walk@^1.2.3":
  version "1.2.8"
  resolved "https://registry.yarnpkg.com/@nodelib/fs.walk/-/fs.walk-1.2.8.tgz#e95737e8bb6746ddedf69c556953494f196fe69a"
  integrity sha512-oGB+UxlgWcgQkgwo8GcEGwemoTFt3FIO9ababBmaGwXIoBKZ+GTy0pP185beGg7Llih/NSHSV2XAs1lnznocSg==
  dependencies:
    "@nodelib/fs.scandir" "2.1.5"
    fastq "^1.6.0"

"@sindresorhus/merge-streams@^4.0.0":
  version "4.0.0"
  resolved "https://registry.yarnpkg.com/@sindresorhus/merge-streams/-/merge-streams-4.0.0.tgz#abb11d99aeb6d27f1b563c38147a72d50058e339"
  integrity sha512-tlqY9xq5ukxTUZBmoOp+m61cqwQD5pHJtFY3Mn8CA8ps6yghLH/Hw8UPdqg4OLmFW3IFlcXnQNmo/dh8HzXYIQ==

"@types/node@^25.6.0":
  version "25.6.0"
  resolved "https://registry.yarnpkg.com/@types/node/-/node-25.6.0.tgz#4e09bad9b469871f2d0f68140198cbd714f4edca"
  integrity sha512-+qIYRKdNYJwY3vRCZMdJbPLJAtGjQBudzZzdzwQYkEPQd+PJGixUL5QfvCLDaULoLv+RhT3LDkwEfKaAkgSmNQ==
  dependencies:
    undici-types "~7.19.0"

braces@^3.0.3:
  version "3.0.3"
  resolved "https://registry.yarnpkg.com/braces/-/braces-3.0.3.tgz#490332f40919452272d55a8480adc0c441358789"
  integrity sha512-yQbXgO/OSZVD2IsiLlro+7Hf6Q18EJrKSEsdoMzKePKXct3gvD8oLcOQdIzGupr5Fj+EDe8gO/lxc1BzfMpxvA==
  dependencies:
    fill-range "^7.1.1"

case-anything@^2.1.13:
  version "2.1.13"
  resolved "https://registry.yarnpkg.com/case-anything/-/case-anything-2.1.13.tgz#0cdc16278cb29a7fcdeb072400da3f342ba329e9"
  integrity sha512-zlOQ80VrQ2Ue+ymH5OuM/DlDq64mEm+B9UTdHULv5osUMD6HalNTblf2b1u/m6QecjsnOkBpqVZ+XPwIVsy7Ng==

copy-file@^11.1.0:
  version "11.1.0"
  resolved "https://registry.yarnpkg.com/copy-file/-/copy-file-11.1.0.tgz#7d2074271b9f032e8be13aa6bae1a2b497a01731"
  integrity sha512-X8XDzyvYaA6msMyAM575CUoygY5b44QzLcGRKsK3MFmXcOvQa518dNPLsKYwkYsn72g3EiW+LE0ytd/FlqWmyw==
  dependencies:
    graceful-fs "^4.2.11"
    p-event "^6.0.0"

cpy-cli@^7.0.0:
  version "7.0.0"
  resolved "https://registry.yarnpkg.com/cpy-cli/-/cpy-cli-7.0.0.tgz#2c48a4772c360599e2cd3e35a21e81fc6f26a483"
  integrity sha512-uGCdhIxGfZcPXidCuT8w1jBknVXFx0un7NLjzqBZcdnkIWtLUnWMPk5TC37ceoVjwASLSNsRtTXXNTuFIyE2ng==
  dependencies:
    cpy "^13.2.0"
    globby "^16.1.0"
    meow "^14.0.0"

cpy@^13.2.0:
  version "13.2.2"
  resolved "https://registry.yarnpkg.com/cpy/-/cpy-13.2.2.tgz#d3a50fc6592cb65f5dc4bd6fa0506e64720f7ce9"
  integrity sha512-FEc7gmNSj4mDQCWNt3mByVn3qZX3EjMvggiqgCQPF1yJAFfyX6Ai/emN89w18TRp+QcFmdTLgX3hfNnIVgYHcw==
  dependencies:
    copy-file "^11.1.0"
    globby "^16.1.0"
    junk "^4.0.1"
    micromatch "^4.0.8"
    p-filter "^4.1.0"
    p-map "^7.0.4"

detect-libc@^1.0.3:
  version "1.0.3"
  resolved "https://registry.yarnpkg.com/detect-libc/-/detect-libc-1.0.3.tgz#fa137c4bd698edf55cd5cd02ac559f91a4c4ba9b"
  integrity sha512-pGjwhsmsp4kL2RTz08wcOlGN83otlqHeD/Z5T8GXZB+/YcpQ/dgo+lbU8ZsGxV0HIvqqxo9l7mqYwyYMD9bKDg==

dprint-node@^1.0.8:
  version "1.0.8"
  resolved "https://registry.yarnpkg.com/dprint-node/-/dprint-node-1.0.8.tgz#a02470722d8208a7d7eb3704328afda1d6758625"
  integrity sha512-iVKnUtYfGrYcW1ZAlfR/F59cUVL8QIhWoBJoSjkkdua/dkWIgjZfiLMeTjiB06X0ZLkQ0M2C1VbUj/CxkIf1zg==
  dependencies:
    detect-libc "^1.0.3"

fast-glob@^3.3.3:
  version "3.3.3"
  resolved "https://registry.yarnpkg.com/fast-glob/-/fast-glob-3.3.3.tgz#d06d585ce8dba90a16b0505c543c3ccfb3aeb818"
  integrity sha512-7MptL8U0cqcFdzIzwOTHoilX9x5BrNqye7Z/LuC7kCMRio1EMSyqRK3BEAUD7sXRq4iT4AzTVuZdhgQ2TCvYLg==
  dependencies:
    "@nodelib/fs.stat" "^2.0.2"
    "@nodelib/fs.walk" "^1.2.3"
    glob-parent "^5.1.2"
    merge2 "^1.3.0"
    micromatch "^4.0.8"

fastq@^1.6.0:
  version "1.20.1"
  resolved "https://registry.yarnpkg.com/fastq/-/fastq-1.20.1.tgz#ca750a10dc925bc8b18839fd203e3ef4b3ced675"
  integrity sha512-GGToxJ/w1x32s/D2EKND7kTil4n8OVk/9mycTc4VDza13lOvpUZTGX3mFSCtV9ksdGBVzvsyAVLM6mHFThxXxw==
  dependencies:
    reusify "^1.0.4"

fill-range@^7.1.1:
  version "7.1.1"
  resolved "https://registry.yarnpkg.com/fill-range/-/fill-range-7.1.1.tgz#44265d3cac07e3ea7dc247516380643754a05292"
  integrity sha512-YsGpe3WHLK8ZYi4tWDg2Jy3ebRz2rXowDxnld4bkQB00cc/1Zw9AWnC0i9ztDJitivtQvaI9KaLyKrc+hBW0yg==
  dependencies:
    to-regex-range "^5.0.1"

glob-parent@^5.1.2:
  version "5.1.2"
  resolved "https://registry.yarnpkg.com/glob-parent/-/glob-parent-5.1.2.tgz#869832c58034fe68a4093c17dc15e8340d8401c4"
  integrity sha512-AOIgSQCepiJYwP3ARnGx+5VnTu2HBYdzbGP45eLw1vr3zB3vZLeyed1sC9hnbcOc9/SrMyM5RPQrkGz4aS9Zow==
  dependencies:
    is-glob "^4.0.1"

globby@^16.1.0:
  version "16.2.0"
  resolved "https://registry.yarnpkg.com/globby/-/globby-16.2.0.tgz#6ab1351fbac1d9b9e47ed423814c2ad41af308ea"
  integrity sha512-QrJia2qDf5BB/V6HYlDTs0I0lBahyjLzpGQg3KT7FnCdTonAyPy2RtY802m2k4ALx6Dp752f82WsOczEVr3l6Q==
  dependencies:
    "@sindresorhus/merge-streams" "^4.0.0"
    fast-glob "^3.3.3"
    ignore "^7.0.5"
    is-path-inside "^4.0.0"
    slash "^5.1.0"
    unicorn-magic "^0.4.0"

graceful-fs@^4.2.11:
  version "4.2.11"
  resolved "https://registry.yarnpkg.com/graceful-fs/-/graceful-fs-4.2.11.tgz#4183e4e8bf08bb6e05bbb2f7d2e0c8f712ca40e3"
  integrity sha512-RbJ5/jmFcNNCcDV5o9eTnBLJ/HszWV0P73bc+Ff4nS/rJj+YaS6IGyiOL0VoBYX+l1Wrl3k63h/KrH+nhJ0XvQ==

ignore@^7.0.5:
  version "7.0.5"
  resolved "https://registry.yarnpkg.com/ignore/-/ignore-7.0.5.tgz#4cb5f6cd7d4c7ab0365738c7aea888baa6d7efd9"
  integrity sha512-Hs59xBNfUIunMFgWAbGX5cq6893IbWg4KnrjbYwX3tx0ztorVgTDA6B2sxf8ejHJ4wz8BqGUMYlnzNBer5NvGg==

is-extglob@^2.1.1:
  version "2.1.1"
  resolved "https://registry.yarnpkg.com/is-extglob/-/is-extglob-2.1.1.tgz#a88c02535791f02ed37c76a1b9ea9773c833f8c2"
  integrity sha512-SbKbANkN603Vi4jEZv49LeVJMn4yGwsbzZworEoyEiutsN3nJYdbO36zfhGJ6QEDpOZIFkDtnq5JRxmvl3jsoQ==

is-glob@^4.0.1:
  version "4.0.3"
  resolved "https://registry.yarnpkg.com/is-glob/-/is-glob-4.0.3.tgz#64f61e42cbbb2eec2071a9dac0b28ba1e65d5084"
  integrity sha512-xelSayHH36ZgE7ZWhli7pW34hNbNl8Ojv5KVmkJD4hBdD3th8Tfk9vYasLM+mXWOZhFkgZfxhLSnrwRr4elSSg==
  dependencies:
    is-extglob "^2.1.1"

is-number@^7.0.0:
  version "7.0.0"
  resolved "https://registry.yarnpkg.com/is-number/-/is-number-7.0.0.tgz#7535345b896734d5f80c4d06c50955527a14f12b"
  integrity sha512-41Cifkg6e8TylSpdtTpeLVMqvSBEVzTttHvERD741+pnZ8ANv0004MRL43QKPDlK9cGvNp6NZWZUBlbGXYxxng==

is-path-inside@^4.0.0:
  version "4.0.0"
  resolved "https://registry.yarnpkg.com/is-path-inside/-/is-path-inside-4.0.0.tgz#805aeb62c47c1b12fc3fd13bfb3ed1e7430071db"
  integrity sha512-lJJV/5dYS+RcL8uQdBDW9c9uWFLLBNRyFhnAKXw5tVqLlKZ4RMGZKv+YQ/IA3OhD+RpbJa1LLFM1FQPGyIXvOA==

iterare@1.2.1:
  version "1.2.1"
  resolved "https://registry.yarnpkg.com/iterare/-/iterare-1.2.1.tgz#139c400ff7363690e33abffa33cbba8920f00042"
  integrity sha512-RKYVTCjAnRthyJes037NX/IiqeidgN1xc3j1RjFfECFp28A1GVwK9nA+i0rJPaHqSZwygLzRnFlzUuHFoWWy+Q==

junk@^4.0.1:
  version "4.0.1"
  resolved "https://registry.yarnpkg.com/junk/-/junk-4.0.1.tgz#7ee31f876388c05177fe36529ee714b07b50fbed"
  integrity sha512-Qush0uP+G8ZScpGMZvHUiRfI0YBWuB3gVBYlI0v0vvOJt5FLicco+IkP0a50LqTTQhmts/m6tP5SWE+USyIvcQ==

meow@^14.0.0:
  version "14.1.0"
  resolved "https://registry.yarnpkg.com/meow/-/meow-14.1.0.tgz#3cd2d16ad534829ab12fcb5010fc2fdb89facd31"
  integrity sha512-EDYo6VlmtnumlcBCbh1gLJ//9jvM/ndXHfVXIFrZVr6fGcwTUyCTFNTLCKuY3ffbK8L/+3Mzqnd58RojiZqHVw==

merge2@^1.3.0:
  version "1.4.1"
  resolved "https://registry.yarnpkg.com/merge2/-/merge2-1.4.1.tgz#4368892f885e907455a6fd7dc55c0c9d404990ae"
  integrity sha512-8q7VEgMJW4J8tcfVPy8g09NcQwZdbwFEqhe/WZkoIzjn/3TGDwtOCYtXGxA3O8tPzpczCCDgv+P2P5y00ZJOOg==

micromatch@^4.0.8:
  version "4.0.8"
  resolved "https://registry.yarnpkg.com/micromatch/-/micromatch-4.0.8.tgz#d66fa18f3a47076789320b9b1af32bd86d9fa202"
  integrity sha512-PXwfBhYu0hBCPw8Dn0E+WDYb7af3dSLVWKi3HGv84IdF4TyFoC0ysxFd0Goxw7nSv4T/PzEJQxsYsEiFCKo2BA==
  dependencies:
    braces "^3.0.3"
    picomatch "^2.3.1"

p-event@^6.0.0:
  version "6.0.1"
  resolved "https://registry.yarnpkg.com/p-event/-/p-event-6.0.1.tgz#8f62a1e3616d4bc01fce3abda127e0383ef4715b"
  integrity sha512-Q6Bekk5wpzW5qIyUP4gdMEujObYstZl6DMMOSenwBvV0BlE5LkDwkjs5yHbZmdCEq2o4RJx4tE1vwxFVf2FG1w==
  dependencies:
    p-timeout "^6.1.2"

p-filter@^4.1.0:
  version "4.1.0"
  resolved "https://registry.yarnpkg.com/p-filter/-/p-filter-4.1.0.tgz#fe0aa794e2dfad8ecf595a39a245484fcd09c6e4"
  integrity sha512-37/tPdZ3oJwHaS3gNJdenCDB3Tz26i9sjhnguBtvN0vYlRIiDNnvTWkuh+0hETV9rLPdJ3rlL3yVOYPIAnM8rw==
  dependencies:
    p-map "^7.0.1"

p-map@^7.0.1, p-map@^7.0.4:
  version "7.0.4"
  resolved "https://registry.yarnpkg.com/p-map/-/p-map-7.0.4.tgz#b81814255f542e252d5729dca4d66e5ec14935b8"
  integrity sha512-tkAQEw8ysMzmkhgw8k+1U/iPhWNhykKnSk4Rd5zLoPJCuJaGRPo6YposrZgaxHKzDHdDWWZvE/Sk7hsL2X/CpQ==

p-timeout@^6.1.2:
  version "6.1.4"
  resolved "https://registry.yarnpkg.com/p-timeout/-/p-timeout-6.1.4.tgz#418e1f4dd833fa96a2e3f532547dd2abdb08dbc2"
  integrity sha512-MyIV3ZA/PmyBN/ud8vV9XzwTrNtR4jFrObymZYnZqMmW0zA8Z17vnT0rBgFE/TlohB+YCHqXMgZzb3Csp49vqg==

picomatch@^2.3.1:
  version "2.3.2"
  resolved "https://registry.yarnpkg.com/picomatch/-/picomatch-2.3.2.tgz#5a942915e26b372dc0f0e6753149a16e6b1c5601"
  integrity sha512-V7+vQEJ06Z+c5tSye8S+nHUfI51xoXIXjHQ99cQtKUkQqqO1kO/KCJUfZXuB47h/YBlDhah2H3hdUGXn8ie0oA==

queue-microtask@^1.2.2:
  version "1.2.3"
  resolved "https://registry.yarnpkg.com/queue-microtask/-/queue-microtask-1.2.3.tgz#4929228bbc724dfac43e0efb058caf7b6cfb6243"
  integrity sha512-NuaNSa6flKT5JaSYQzJok04JzTL1CA6aGhv5rfLW3PgqA+M2ChpZQnAC8h8i4ZFkBS8X5RqkDBHA7r4hej3K9A==

reusify@^1.0.4:
  version "1.1.0"
  resolved "https://registry.yarnpkg.com/reusify/-/reusify-1.1.0.tgz#0fe13b9522e1473f51b558ee796e08f11f9b489f"
  integrity sha512-g6QUff04oZpHs0eG5p83rFLhHeV00ug/Yf9nZM6fLeUrPguBTkTQOdpAWWspMh55TZfVQDPaN3NQJfbVRAxdIw==

run-parallel@^1.1.9:
  version "1.2.0"
  resolved "https://registry.yarnpkg.com/run-parallel/-/run-parallel-1.2.0.tgz#66d1368da7bdf921eb9d95bd1a9229e7f21a43ee"
  integrity sha512-5l4VyZR86LZ/lDxZTR6jqL8AFE2S0IFLMP26AbjsLVADxHdhB/c0GUsH+y39UfCi3dzz8OlQuPmnaJOMoDHQBA==
  dependencies:
    queue-microtask "^1.2.2"

rxjs@^7.8.2:
  version "7.8.2"
  resolved "https://registry.yarnpkg.com/rxjs/-/rxjs-7.8.2.tgz#955bc473ed8af11a002a2be52071bf475638607b"
  integrity sha512-dhKf903U/PQZY6boNNtAGdWbG85WAbjT/1xYoZIC7FAY0yWapOBQVsVrDl58W86//e1VpMNBtRV4MaXfdMySFA==
  dependencies:
    tslib "^2.1.0"

slash@^5.1.0:
  version "5.1.0"
  resolved "https://registry.yarnpkg.com/slash/-/slash-5.1.0.tgz#be3adddcdf09ac38eebe8dcdc7b1a57a75b095ce"
  integrity sha512-ZA6oR3T/pEyuqwMgAKT0/hAv8oAXckzbkmR0UkUosQ+Mc4RxGoJkRmwHgHufaenlyAgE1Mxgpdcrf75y6XcnDg==

to-regex-range@^5.0.1:
  version "5.0.1"
  resolved "https://registry.yarnpkg.com/to-regex-range/-/to-regex-range-5.0.1.tgz#1648c44aae7c8d988a326018ed72f5b4dd0392e4"
  integrity sha512-65P7iz6X5yEr1cwcgvQxbbIw7Uk3gOy5dIdtZ4rDveLqhrdJP+Li/Hx6tyK0NEb+2GCyneCMJiGqrADCSNk8sQ==
  dependencies:
    is-number "^7.0.0"

ts-poet@^6.12.0:
  version "6.12.0"
  resolved "https://registry.yarnpkg.com/ts-poet/-/ts-poet-6.12.0.tgz#f28eb91778fdff8e1b264600c7ddddb40cd39d84"
  integrity sha512-xo+iRNMWqyvXpFTaOAvLPA5QAWO6TZrSUs5s4Odaya3epqofBu/fMLHEWl8jPmjhA0s9sgj9sNvF1BmaQlmQkA==
  dependencies:
    dprint-node "^1.0.8"

ts-proto-descriptors@2.1.0:
  version "2.1.0"
  resolved "https://registry.yarnpkg.com/ts-proto-descriptors/-/ts-proto-descriptors-2.1.0.tgz#0c60525ea94748f7b3f394dc10d6eb8eeac4fe39"
  integrity sha512-S5EZYEQ6L9KLFfjSRpZWDIXDV/W7tAj8uW7pLsihIxyr62EAVSiKuVPwE8iWnr849Bqa53enex1jhDUcpgquzA==
  dependencies:
    "@bufbuild/protobuf" "^2.0.0"

ts-proto@^2.10.1:
  version "2.11.6"
  resolved "https://registry.yarnpkg.com/ts-proto/-/ts-proto-2.11.6.tgz#27effbde6f1ef409f8568a018fcf5063181519bb"
  integrity sha512-2rPkH5W/KeXOyVUC6o06RdRabVK8zSDmQpnRz4XbRiYMHRdI12KqDjAdGW7ebxzzMNE5cw/j+ptA0WMVqZILrQ==
  dependencies:
    "@bufbuild/protobuf" "^2.10.2"
    case-anything "^2.1.13"
    ts-poet "^6.12.0"
    ts-proto-descriptors "2.1.0"

tslib@2.8.1, tslib@^2.1.0:
  version "2.8.1"
  resolved "https://registry.yarnpkg.com/tslib/-/tslib-2.8.1.tgz#612efe4ed235d567e8aba5f2a5fab70280ade83f"
  integrity sha512-oJFu94HQb+KVduSUQL7wnpmqnfmLsOA/nAh6b6EH0wCEoK0/mPeXU6c3wKDV83MkOuHPRHtSXKKU99IBazS/2w==

typescript@^5.9.3:
  version "5.9.3"
  resolved "https://registry.yarnpkg.com/typescript/-/typescript-5.9.3.tgz#5b4f59e15310ab17a216f5d6cf53ee476ede670f"
  integrity sha512-jl1vZzPDinLr9eUt3J/t7V6FgNEw9QjvBPdysz9KfQDD41fQrC2Y4vKQdiaUpFT4bXlb1RHhLpp8wtm6M5TgSw==

undici-types@~7.19.0:
  version "7.19.2"
  resolved "https://registry.yarnpkg.com/undici-types/-/undici-types-7.19.2.tgz#1b67fc26d0f157a0cba3a58a5b5c1e2276b8ba2a"
  integrity sha512-qYVnV5OEm2AW8cJMCpdV20CDyaN3g0AjDlOGf1OW4iaDEx8MwdtChUp4zu4H0VP3nDRF/8RKWH+IPp9uW0YGZg==

unicorn-magic@^0.4.0:
  version "0.4.0"
  resolved "https://registry.yarnpkg.com/unicorn-magic/-/unicorn-magic-0.4.0.tgz#78c6a090fd6d07abd2468b83b385603e00dfdb24"
  integrity sha512-wH590V9VNgYH9g3lH9wWjTrUoKsjLF6sGLjhR4sH1LWpLmCOH0Zf7PukhDA8BiS7KHe4oPNkcTHqYkj7SOGUOw==
